// !$*UTF8*$!
{
	archiveVersion = 1;
	classes = {
	};
	objectVersion = 56;
	objects = {

/* Begin PBXBuildFile section */
		C71CE1AC290AA11500FBF5E4 /* ImageModel.swift in Sources */ = {isa = PBXBuildFile; fileRef = C71CE1AB290AA11500FBF5E4 /* ImageModel.swift */; };
		C797909328F346E400B554A0 /* UIView+Extension.swift in Sources */ = {isa = PBXBuildFile; fileRef = C797909228F346E400B554A0 /* UIView+Extension.swift */; };
		C797909728F3476C00B554A0 /* GalleryCollectionViewCell.swift in Sources */ = {isa = PBXBuildFile; fileRef = C797909628F3476C00B554A0 /* GalleryCollectionViewCell.swift */; };
		C7A1851B28F2D8DE00FC16FD /* AppDelegate.swift in Sources */ = {isa = PBXBuildFile; fileRef = C7A1851A28F2D8DE00FC16FD /* AppDelegate.swift */; };
		C7A1851F28F2D8DE00FC16FD /* GalleryScreen.swift in Sources */ = {isa = PBXBuildFile; fileRef = C7A1851E28F2D8DE00FC16FD /* GalleryScreen.swift */; };
		C7A1852428F2D8E000FC16FD /* Assets.xcassets in Resources */ = {isa = PBXBuildFile; fileRef = C7A1852328F2D8E000FC16FD /* Assets.xcassets */; };
		C7A1852728F2D8E000FC16FD /* LaunchScreen.storyboard in Resources */ = {isa = PBXBuildFile; fileRef = C7A1852528F2D8E000FC16FD /* LaunchScreen.storyboard */; };
/* End PBXBuildFile section */

/* Begin PBXFileReference section */
		C71CE1AB290AA11500FBF5E4 /* ImageModel.swift */ = {isa = PBXFileReference; lastKnownFileType = sourcecode.swift; path = ImageModel.swift; sourceTree = "<group>"; };
		C797909228F346E400B554A0 /* UIView+Extension.swift */ = {isa = PBXFileReference; lastKnownFileType = sourcecode.swift; path = "UIView+Extension.swift"; sourceTree = "<group>"; };
		C797909628F3476C00B554A0 /* GalleryCollectionViewCell.swift */ = {isa = PBXFileReference; lastKnownFileType = sourcecode.swift; path = GalleryCollectionViewCell.swift; sourceTree = "<group>"; };
		C7A1851728F2D8DE00FC16FD /* Bundle.Sandbox.FileManager.app */ = {isa = PBXFileReference; explicitFileType = wrapper.application; includeInIndex = 0; path = Bundle.Sandbox.FileManager.app; sourceTree = BUILT_PRODUCTS_DIR; };
		C7A1851A28F2D8DE00FC16FD /* AppDelegate.swift */ = {isa = PBXFileReference; lastKnownFileType = sourcecode.swift; path = AppDelegate.swift; sourceTree = "<group>"; };
		C7A1851E28F2D8DE00FC16FD /* GalleryScreen.swift */ = {isa = PBXFileReference; lastKnownFileType = sourcecode.swift; path = GalleryScreen.swift; sourceTree = "<group>"; };
		C7A1852328F2D8E000FC16FD /* Assets.xcassets */ = {isa = PBXFileReference; lastKnownFileType = folder.assetcatalog; path = Assets.xcassets; sourceTree = "<group>"; };
		C7A1852628F2D8E000FC16FD /* Base */ = {isa = PBXFileReference; lastKnownFileType = file.storyboard; name = Base; path = Base.lproj/LaunchScreen.storyboard; sourceTree = "<group>"; };
		C7A1852828F2D8E000FC16FD /* Info.plist */ = {isa = PBXFileReference; lastKnownFileType = text.plist.xml; path = Info.plist; sourceTree = "<group>"; };
/* End PBXFileReference section */

/* Begin PBXFrameworksBuildPhase section */
		C7A1851428F2D8DE00FC16FD /* Frameworks */ = {
			isa = PBXFrameworksBuildPhase;
			buildActionMask = 2147483647;
			files = (
			);
			runOnlyForDeploymentPostprocessing = 0;
		};
/* End PBXFrameworksBuildPhase section */

/* Begin PBXGroup section */
		C71CE1AA290AA0F200FBF5E4 /* Entity */ = {
			isa = PBXGroup;
			children = (
				C71CE1AB290AA11500FBF5E4 /* ImageModel.swift */,
			);
			path = Entity;
			sourceTree = "<group>";
		};
		C797909428F3472100B554A0 /* Common */ = {
			isa = PBXGroup;
			children = (
				C7A1853628F345EE00FC16FD /* Extension */,
			);
			path = Common;
			sourceTree = "<group>";
		};
		C797909528F3473400B554A0 /* Cell */ = {
			isa = PBXGroup;
			children = (
				C797909628F3476C00B554A0 /* GalleryCollectionViewCell.swift */,
			);
			path = Cell;
			sourceTree = "<group>";
		};
		C7A1850E28F2D8DE00FC16FD = {
			isa = PBXGroup;
			children = (
				C7A1851928F2D8DE00FC16FD /* Bundle.Sandbox.FileManager */,
				C7A1851828F2D8DE00FC16FD /* Products */,
			);
			sourceTree = "<group>";
		};
		C7A1851828F2D8DE00FC16FD /* Products */ = {
			isa = PBXGroup;
			children = (
				C7A1851728F2D8DE00FC16FD /* Bundle.Sandbox.FileManager.app */,
			);
			name = Products;
			sourceTree = "<group>";
		};
		C7A1851928F2D8DE00FC16FD /* Bundle.Sandbox.FileManager */ = {
			isa = PBXGroup;
			children = (
				C7A1852F28F2DBCA00FC16FD /* Sources */,
				C7A1853128F2DC0D00FC16FD /* Resources */,
				C7A1852E28F2DBAA00FC16FD /* Support files */,
			);
			path = Bundle.Sandbox.FileManager;
			sourceTree = "<group>";
		};
		C7A1852E28F2DBAA00FC16FD /* Support files */ = {
			isa = PBXGroup;
			children = (
				C7A1852828F2D8E000FC16FD /* Info.plist */,
			);
			path = "Support files";
			sourceTree = "<group>";
		};
		C7A1852F28F2DBCA00FC16FD /* Sources */ = {
			isa = PBXGroup;
			children = (
				C7A1853028F2DBD800FC16FD /* App */,
				C797909428F3472100B554A0 /* Common */,
				C7A1853228F2F74F00FC16FD /* Gallery screen */,
			);
			path = Sources;
			sourceTree = "<group>";
		};
		C7A1853028F2DBD800FC16FD /* App */ = {
			isa = PBXGroup;
			children = (
				C7A1851A28F2D8DE00FC16FD /* AppDelegate.swift */,
			);
			path = App;
			sourceTree = "<group>";
		};
		C7A1853128F2DC0D00FC16FD /* Resources */ = {
			isa = PBXGroup;
			children = (
				C7A1852328F2D8E000FC16FD /* Assets.xcassets */,
				C7A1852528F2D8E000FC16FD /* LaunchScreen.storyboard */,
			);
			path = Resources;
			sourceTree = "<group>";
		};
		C7A1853228F2F74F00FC16FD /* Gallery screen */ = {
			isa = PBXGroup;
			children = (
				C7A1851E28F2D8DE00FC16FD /* GalleryScreen.swift */,
				C797909528F3473400B554A0 /* Cell */,
				C71CE1AA290AA0F200FBF5E4 /* Entity */,
			);
			path = "Gallery screen";
			sourceTree = "<group>";
		};
		C7A1853628F345EE00FC16FD /* Extension */ = {
			isa = PBXGroup;
			children = (
				C797909228F346E400B554A0 /* UIView+Extension.swift */,
			);
			path = Extension;
			sourceTree = "<group>";
		};
/* End PBXGroup section */

/* Begin PBXNativeTarget section */
		C7A1851628F2D8DE00FC16FD /* Bundle.Sandbox.FileManager */ = {
			isa = PBXNativeTarget;
			buildConfigurationList = C7A1852B28F2D8E000FC16FD /* Build configuration list for PBXNativeTarget "Bundle.Sandbox.FileManager" */;
			buildPhases = (
				C7A1851328F2D8DE00FC16FD /* Sources */,
				C7A1851428F2D8DE00FC16FD /* Frameworks */,
				C7A1851528F2D8DE00FC16FD /* Resources */,
			);
			buildRules = (
			);
			dependencies = (
			);
			name = Bundle.Sandbox.FileManager;
			productName = Bundle.Sandbox.FileManager;
			productReference = C7A1851728F2D8DE00FC16FD /* Bundle.Sandbox.FileManager.app */;
			productType = "com.apple.product-type.application";
		};
/* End PBXNativeTarget section */

/* Begin PBXProject section */
		C7A1850F28F2D8DE00FC16FD /* Project object */ = {
			isa = PBXProject;
			attributes = {
				BuildIndependentTargetsInParallel = 1;
				LastSwiftUpdateCheck = 1400;
				LastUpgradeCheck = 1400;
				TargetAttributes = {
					C7A1851628F2D8DE00FC16FD = {
						CreatedOnToolsVersion = 14.0.1;
					};
				};
			};
			buildConfigurationList = C7A1851228F2D8DE00FC16FD /* Build configuration list for PBXProject "Bundle.Sandbox.FileManager" */;
			compatibilityVersion = "Xcode 14.0";
			developmentRegion = en;
			hasScannedForEncodings = 0;
			knownRegions = (
				en,
				Base,
			);
			mainGroup = C7A1850E28F2D8DE00FC16FD;
			productRefGroup = C7A1851828F2D8DE00FC16FD /* Products */;
			projectDirPath = "";
			projectRoot = "";
			targets = (
				C7A1851628F2D8DE00FC16FD /* Bundle.Sandbox.FileManager */,
			);
		};
/* End PBXProject section */

/* Begin PBXResourcesBuildPhase section */
		C7A1851528F2D8DE00FC16FD /* Resources */ = {
			isa = PBXResourcesBuildPhase;
			buildActionMask = 2147483647;
			files = (
				C7A1852728F2D8E000FC16FD /* LaunchScreen.storyboard in Resources */,
				C7A1852428F2D8E000FC16FD /* Assets.xcassets in Resources */,
			);
			runOnlyForDeploymentPostprocessing = 0;
		};
/* End PBXResourcesBuildPhase section */

/* Begin PBXSourcesBuildPhase section */
		C7A1851328F2D8DE00FC16FD /* Sources */ = {
			isa = PBXSourcesBuildPhase;
			buildActionMask = 2147483647;
			files = (
				C797909328F346E400B554A0 /* UIView+Extension.swift in Sources */,
				C71CE1AC290AA11500FBF5E4 /* ImageModel.swift in Sources */,
				C797909728F3476C00B554A0 /* GalleryCollectionViewCell.swift in Sources */,
				C7A1851F28F2D8DE00FC16FD /* GalleryScreen.swift in Sources */,
				C7A1851B28F2D8DE00FC16FD /* AppDelegate.swift in Sources */,
			);
			runOnlyForDeploymentPostprocessing = 0;
		};
/* End PBXSourcesBuildPhase section */

/* Begin PBXVariantGroup section */
		C7A1852528F2D8E000FC16FD /* LaunchScreen.storyboard */ = {
			isa = PBXVariantGroup;
			children = (
				C7A1852628F2D8E000FC16FD /* Base */,
			);
			name = LaunchScreen.storyboard;
			sourceTree = "<group>";
		};
/* End PBXVariantGroup section */

/* Begin XCBuildConfiguration section */
		C7A1852928F2D8E000FC16FD /* Debug */ = {
			isa = XCBuildConfiguration;
			buildSettings = {
				ALWAYS_SEARCH_USER_PATHS = NO;
				CLANG_ANALYZER_NONNULL = YES;
				CLANG_ANALYZER_NUMBER_OBJECT_CONVERSION = YES_AGGRESSIVE;
				CLANG_CXX_LANGUAGE_STANDARD = "gnu++20";
				CLANG_ENABLE_MODULES = YES;
				CLANG_ENABLE_OBJC_ARC = YES;
				CLANG_ENABLE_OBJC_WEAK = YES;
				CLANG_WARN_BLOCK_CAPTURE_AUTORELEASING = YES;
				CLANG_WARN_BOOL_CONVERSION = YES;
				CLANG_WARN_COMMA = YES;
				CLANG_WARN_CONSTANT_CONVERSION = YES;
				CLANG_WARN_DEPRECATED_OBJC_IMPLEMENTATIONS = YES;
				CLANG_WARN_DIRECT_OBJC_ISA_USAGE = YES_ERROR;
				CLANG_WARN_DOCUMENTATION_COMMENTS = YES;
				CLANG_WARN_EMPTY_BODY = YES;
				CLANG_WARN_ENUM_CONVERSION = YES;
				CLANG_WARN_INFINITE_RECURSION = YES;
				CLANG_WARN_INT_CONVERSION = YES;
				CLANG_WARN_NON_LITERAL_NULL_CONVERSION = YES;
				CLANG_WARN_OBJC_IMPLICIT_RETAIN_SELF = YES;
				CLANG_WARN_OBJC_LITERAL_CONVERSION = YES;
				CLANG_WARN_OBJC_ROOT_CLASS = YES_ERROR;
				CLANG_WARN_QUOTED_INCLUDE_IN_FRAMEWORK_HEADER = YES;
				CLANG_WARN_RANGE_LOOP_ANALYSIS = YES;
				CLANG_WARN_STRICT_PROTOTYPES = YES;
				CLANG_WARN_SUSPICIOUS_MOVE = YES;
				CLANG_WARN_UNGUARDED_AVAILABILITY = YES_AGGRESSIVE;
				CLANG_WARN_UNREACHABLE_CODE = YES;
				CLANG_WARN__DUPLICATE_METHOD_MATCH = YES;
				COPY_PHASE_STRIP = NO;
				DEBUG_INFORMATION_FORMAT = dwarf;
				ENABLE_STRICT_OBJC_MSGSEND = YES;
				ENABLE_TESTABILITY = YES;
				GCC_C_LANGUAGE_STANDARD = gnu11;
				GCC_DYNAMIC_NO_PIC = NO;
				GCC_NO_COMMON_BLOCKS = YES;
				GCC_OPTIMIZATION_LEVEL = 0;
				GCC_PREPROCESSOR_DEFINITIONS = (
					"DEBUG=1",
					"$(inherited)",
				);
				GCC_WARN_64_TO_32_BIT_CONVERSION = YES;
				GCC_WARN_ABOUT_RETURN_TYPE = YES_ERROR;
				GCC_WARN_UNDECLARED_SELECTOR = YES;
				GCC_WARN_UNINITIALIZED_AUTOS = YES_AGGRESSIVE;
				GCC_WARN_UNUSED_FUNCTION = YES;
				GCC_WARN_UNUSED_VARIABLE = YES;
				IPHONEOS_DEPLOYMENT_TARGET = 16.0;
				MTL_ENABLE_DEBUG_INFO = INCLUDE_SOURCE;
				MTL_FAST_MATH = YES;
				ONLY_ACTIVE_ARCH = YES;
				SDKROOT = iphoneos;
				SWIFT_ACTIVE_COMPILATION_CONDITIONS = DEBUG;
				SWIFT_OPTIMIZATION_LEVEL = "-Onone";
			};
			name = Debug;
		};
		C7A1852A28F2D8E000FC16FD /* Release */ = {
			isa = XCBuildConfiguration;
			buildSettings = {
				ALWAYS_SEARCH_USER_PATHS = NO;
				CLANG_ANALYZER_NONNULL = YES;
				CLANG_ANALYZER_NUMBER_OBJECT_CONVERSION = YES_AGGRESSIVE;
				CLANG_CXX_LANGUAGE_STANDARD = "gnu++20";
				CLANG_ENABLE_MODULES = YES;
				CLANG_ENABLE_OBJC_ARC = YES;
				CLANG_ENABLE_OBJC_WEAK = YES;
				CLANG_WARN_BLOCK_CAPTURE_AUTORELEASING = YES;
				CLANG_WARN_BOOL_CONVERSION = YES;
				CLANG_WARN_COMMA = YES;
				CLANG_WARN_CONSTANT_CONVERSION = YES;
				CLANG_WARN_DEPRECATED_OBJC_IMPLEMENTATIONS = YES;
				CLANG_WARN_DIRECT_OBJC_ISA_USAGE = YES_ERROR;
				CLANG_WARN_DOCUMENTATION_COMMENTS = YES;
				CLANG_WARN_EMPTY_BODY = YES;
				CLANG_WARN_ENUM_CONVERSION = YES;
				CLANG_WARN_INFINITE_RECURSION = YES;
				CLANG_WARN_INT_CONVERSION = YES;
				CLANG_WARN_NON_LITERAL_NULL_CONVERSION = YES;
				CLANG_WARN_OBJC_IMPLICIT_RETAIN_SELF = YES;
				CLANG_WARN_OBJC_LITERAL_CONVERSION = YES;
				CLANG_WARN_OBJC_ROOT_CLASS = YES_ERROR;
				CLANG_WARN_QUOTED_INCLUDE_IN_FRAMEWORK_HEADER = YES;
				CLANG_WARN_RANGE_LOOP_ANALYSIS = YES;
				CLANG_WARN_STRICT_PROTOTYPES = YES;
				CLANG_WARN_SUSPICIOUS_MOVE = YES;
				CLANG_WARN_UNGUARDED_AVAILABILITY = YES_AGGRESSIVE;
				CLANG_WARN_UNREACHABLE_CODE = YES;
				CLANG_WARN__DUPLICATE_METHOD_MATCH = YES;
				COPY_PHASE_STRIP = NO;
				DEBUG_INFORMATION_FORMAT = "dwarf-with-dsym";
				ENABLE_NS_ASSERTIONS = NO;
				ENABLE_STRICT_OBJC_MSGSEND = YES;
				GCC_C_LANGUAGE_STANDARD = gnu11;
				GCC_NO_COMMON_BLOCKS = YES;
				GCC_WARN_64_TO_32_BIT_CONVERSION = YES;
				GCC_WARN_ABOUT_RETURN_TYPE = YES_ERROR;
				GCC_WARN_UNDECLARED_SELECTOR = YES;
				GCC_WARN_UNINITIALIZED_AUTOS = YES_AGGRESSIVE;
				GCC_WARN_UNUSED_FUNCTION = YES;
				GCC_WARN_UNUSED_VARIABLE = YES;
				IPHONEOS_DEPLOYMENT_TARGET = 16.0;
				MTL_ENABLE_DEBUG_INFO = NO;
				MTL_FAST_MATH = YES;
				SDKROOT = iphoneos;
				SWIFT_COMPILATION_MODE = wholemodule;
				SWIFT_OPTIMIZATION_LEVEL = "-O";
				VALIDATE_PRODUCT = YES;
			};
			name = Release;
		};
		C7A1852C28F2D8E000FC16FD /* Debug */ = {
			isa = XCBuildConfiguration;
			buildSettings = {
				ASSETCATALOG_COMPILER_APPICON_NAME = AppIcon;
				ASSETCATALOG_COMPILER_GLOBAL_ACCENT_COLOR_NAME = AccentColor;
				CODE_SIGN_STYLE = Automatic;
				CURRENT_PROJECT_VERSION = 1;
				GENERATE_INFOPLIST_FILE = YES;
				INFOPLIST_FILE = "Bundle.Sandbox.FileManager/Support files/Info.plist";
				INFOPLIST_KEY_UIApplicationSupportsIndirectInputEvents = YES;
				INFOPLIST_KEY_UILaunchStoryboardName = LaunchScreen;
				INFOPLIST_KEY_UISupportedInterfaceOrientations_iPad = "UIInterfaceOrientationPortrait UIInterfaceOrientationPortraitUpsideDown UIInterfaceOrientationLandscapeLeft UIInterfaceOrientationLandscapeRight";
				INFOPLIST_KEY_UISupportedInterfaceOrientations_iPhone = "UIInterfaceOrientationPortrait UIInterfaceOrientationLandscapeLeft UIInterfaceOrientationLandscapeRight";
				LD_RUNPATH_SEARCH_PATHS = (
					"$(inherited)",
					"@executable_path/Frameworks",
				);
				MARKETING_VERSION = 1.0;
				PRODUCT_BUNDLE_IDENTIFIER = "ru.exastronaut.Bundle-Sandbox-FileManager";
				PRODUCT_NAME = "$(TARGET_NAME)";
				SWIFT_EMIT_LOC_STRINGS = YES;
				SWIFT_VERSION = 5.0;
				TARGETED_DEVICE_FAMILY = "1,2";
			};
			name = Debug;
		};
		C7A1852D28F2D8E000FC16FD /* Release */ = {
			isa = XCBuildConfiguration;
			buildSettings = {
				ASSETCATALOG_COMPILER_APPICON_NAME = AppIcon;
				ASSETCATALOG_COMPILER_GLOBAL_ACCENT_COLOR_NAME = AccentColor;
				CODE_SIGN_STYLE = Automatic;
				CURRENT_PROJECT_VERSION = 1;
				GENERATE_INFOPLIST_FILE = YES;
				INFOPLIST_FILE = "Bundle.Sandbox.FileManager/Support files/Info.plist";
				INFOPLIST_KEY_UIApplicationSupportsIndirectInputEvents = YES;
				INFOPLIST_KEY_UILaunchStoryboardName = LaunchScreen;
				INFOPLIST_KEY_UISupportedInterfaceOrientations_iPad = "UIInterfaceOrientationPortrait UIInterfaceOrientationPortraitUpsideDown UIInterfaceOrientationLandscapeLeft UIInterfaceOrientationLandscapeRight";
				INFOPLIST_KEY_UISupportedInterfaceOrientations_iPhone = "UIInterfaceOrientationPortrait UIInterfaceOrientationLandscapeLeft UIInterfaceOrientationLandscapeRight";
				LD_RUNPATH_SEARCH_PATHS = (
					"$(inherited)",
					"@executable_path/Frameworks",
				);
				MARKETING_VERSION = 1.0;
				PRODUCT_BUNDLE_IDENTIFIER = "ru.exastronaut.Bundle-Sandbox-FileManager";
				PRODUCT_NAME = "$(TARGET_NAME)";
				SWIFT_EMIT_LOC_STRINGS = YES;
				SWIFT_VERSION = 5.0;
				TARGETED_DEVICE_FAMILY = "1,2";
			};
			name = Release;
		};
/* End XCBuildConfiguration section */

/* Begin XCConfigurationList section */
		C7A1851228F2D8DE00FC16FD /* Build configuration list for PBXProject "Bundle.Sandbox.FileManager" */ = {
			isa = XCConfigurationList;
			buildConfigurations = (
				C7A1852928F2D8E000FC16FD /* Debug */,
				C7A1852A28F2D8E000FC16FD /* Release */,
			);
			defaultConfigurationIsVisible = 0;
			defaultConfigurationName = Release;
		};
		C7A1852B28F2D8E000FC16FD /* Build configuration list for PBXNativeTarget "Bundle.Sandbox.FileManager" */ = {
			isa = XCConfigurationList;
			buildConfigurations = (
				C7A1852C28F2D8E000FC16FD /* Debug */,
				C7A1852D28F2D8E000FC16FD /* Release */,
			);
			defaultConfigurationIsVisible = 0;
			defaultConfigurationName = Release;
		};
/* End XCConfigurationList section */
	};
	rootObject = C7A1850F28F2D8DE00FC16FD /* Project object */;
}
